
Microsoft Visual Studio Solution File, Format Version 12.00
# Visual Studio Version 16
VisualStudioVersion = 16.0.30104.148
MinimumVisualStudioVersion = 10.0.40219.1
Project("{FAE04EC0-301F-11D3-BF4B-00C04F79EFBC}") = "TicketBookingSystem", "TicketBookingSystem\TicketBookingSystem.csproj", "{7E2A49A8-1236-44AB-BABA-7F97B73FEBF9}"
EndProject
Global
	GlobalSection(SolutionConfigurationPlatforms) = preSolution
		Debug|Any CPU = Debug|Any CPU
		Release|Any CPU = Release|Any CPU
	EndGlobalSection
	GlobalSection(ProjectConfigurationPlatforms) = postSolution
		{7E2A49A8-1236-44AB-BABA-7F97B73FEBF9}.Debug|Any CPU.ActiveCfg = Debug|Any CPU
		{7E2A49A8-1236-44AB-BABA-7F97B73FEBF9}.Debug|Any CPU.Build.0 = Debug|Any CPU
		{7E2A49A8-1236-44AB-BABA-7F97B73FEBF9}.Release|Any CPU.ActiveCfg = Release|Any CPU
		{7E2A49A8-1236-44AB-BABA-7F97B73FEBF9}.Release|Any CPU.Build.0 = Release|Any CPU
	EndGlobalSection
	GlobalSection(SolutionProperties) = preSolution
		HideSolutionNode = FALSE
	EndGlobalSection
	GlobalSection(ExtensibilityGlobals) = postSolution
		SolutionGuid = {FD57DC44-2B6A-42D4-A597-8467C37E800D}
	EndGlobalSection
EndGlobal
